
Microsoft Visual Studio Solution File, Format Version 12.00
# Visual Studio 15
VisualStudioVersion = 15.0.26228.9
MinimumVisualStudioVersion = 10.0.40219.1
Project("{FAE04EC0-301F-11D3-BF4B-00C04F79EFBC}") = "Kalkylator", "Kalkylator\Kalkylator.csproj", "{F6230203-1F0F-4D86-9E75-F1A36661C5B7}"
EndProject
Global
	GlobalSection(SolutionConfigurationPlatforms) = preSolution
		Debug|Any CPU = Debug|Any CPU
		Release|Any CPU = Release|Any CPU
	EndGlobalSection
	GlobalSection(ProjectConfigurationPlatforms) = postSolution
		{F6230203-1F0F-4D86-9E75-F1A36661C5B7}.Debug|Any CPU.ActiveCfg = Debug|Any CPU
		{F6230203-1F0F-4D86-9E75-F1A36661C5B7}.Debug|Any CPU.Build.0 = Debug|Any CPU
		{F6230203-1F0F-4D86-9E75-F1A36661C5B7}.Release|Any CPU.ActiveCfg = Release|Any CPU
		{F6230203-1F0F-4D86-9E75-F1A36661C5B7}.Release|Any CPU.Build.0 = Release|Any CPU
	EndGlobalSection
	GlobalSection(SolutionProperties) = preSolution
		HideSolutionNode = FALSE
	EndGlobalSection
EndGlobal
